<Solution>
  <Configurations>
    <Platform Name="ARM64" />
    <Platform Name="x64" />
    <Platform Name="x86" />
  </Configurations>
  <Project Path="DownloaderApp.Application/DownloaderApp.Application.csproj" />
  <Project Path="DownloaderApp.Domain/DownloaderApp.Domain.csproj" />
  <Project Path="DownloaderApp.Infrastructure/DownloaderApp.Infrastructure.csproj" />
  <Project Path="DownloaderApp/DownloaderApp.csproj">
    <Platform Solution="*|ARM64" Project="ARM64" />
    <Platform Solution="*|x64" Project="x64" />
    <Platform Solution="*|x86" Project="x86" />
    <Deploy />
  </Project>
</Solution>
